{
  "version": 4,
  "terraform_version": "0.12.26",
  "serial": 4,
  "lineage": "1a7dd34d-ad0f-e0fd-ad76-c4d0ec62b9a4",
  "outputs": {},
  "resources": [
    {
      "module": "module.instance_and_storage",
      "mode": "data",
      "type": "oci_core_instance_credentials",
      "name": "this",
      "each": "list",
      "provider": "provider.oci",
      "instances": []
    },
    {
      "module": "module.instance_and_storage",
      "mode": "data",
      "type": "oci_core_subnet",
      "name": "this",
      "each": "list",
      "provider": "provider.oci",
      "instances": [
        {
          "index_key": 0,
          "schema_version": 0,
          "attributes": {
            "availability_domain": null,
            "cidr_block": "10.0.0.0/24",
            "compartment_id": "ocid1.compartment.oc1..aaaaaaaaezxcenaj36sx2s4upu4n76ptsa3mqrkm5ppnu2fswqdpduqywz7q",
            "defined_tags": {},
            "dhcp_options_id": "ocid1.dhcpoptions.oc1.iad.aaaaaaaajfycaddery24ozwhuwpirxfgslzyinww2p3yishe6l2bfqrglgxa",
            "display_name": "Public Subnet-vcn-terraform",
            "dns_label": "sub06051837390",
            "freeform_tags": {
              "VCN": "VCN-2020-06-05T18:37:22"
            },
            "id": "ocid1.subnet.oc1.iad.aaaaaaaawnby4ouxffhab45r3qjq2ukbffnmi3lkpi2sabwwvxirl3q7lsca",
            "ipv6cidr_block": null,
            "ipv6public_cidr_block": null,
            "ipv6virtual_router_ip": null,
            "prohibit_public_ip_on_vnic": false,
            "route_table_id": "ocid1.routetable.oc1.iad.aaaaaaaajuzwwn65v76fzybyyumb5htjvt6t6blog5wd4brslpim5hhkeq3a",
            "security_list_ids": [
              "ocid1.securitylist.oc1.iad.aaaaaaaamszsdbh4ndj4zjjc7f2upi73km2pwy2q7eqnkddwmostbd6q7qnq"
            ],
            "state": "AVAILABLE",
            "subnet_domain_name": "sub06051837390.vcnterraform.oraclevcn.com",
            "subnet_id": "ocid1.subnet.oc1.iad.aaaaaaaawnby4ouxffhab45r3qjq2ukbffnmi3lkpi2sabwwvxirl3q7lsca",
            "time_created": "2020-06-05 18:37:53.567 +0000 UTC",
            "vcn_id": "ocid1.vcn.oc1.iad.amaaaaaakmfkqyianonqx56p57jfvumj54wlpyloczkoz56ju6xpiwdgvxcq",
            "virtual_router_ip": "10.0.0.1",
            "virtual_router_mac": "00:00:17:CB:53:4C"
          }
        }
      ]
    },
    {
      "module": "module.instance_and_storage",
      "mode": "managed",
      "type": "oci_core_instance",
      "name": "this",
      "each": "list",
      "provider": "provider.oci",
      "instances": [
        {
          "index_key": 0,
          "schema_version": 0,
          "attributes": {
            "agent_config": [
              {
                "is_management_disabled": false,
                "is_monitoring_disabled": false
              }
            ],
            "availability_domain": "MmBO:US-ASHBURN-AD-1",
            "boot_volume_id": "ocid1.bootvolume.oc1.iad.abuwcljtugvvtlfogzdqe27axtt7uojbhvtvw7zxwowkqanlbxto76b5l2ia",
            "compartment_id": "ocid1.compartment.oc1..aaaaaaaaezxcenaj36sx2s4upu4n76ptsa3mqrkm5ppnu2fswqdpduqywz7q",
            "create_vnic_details": [
              {
                "assign_public_ip": "false",
                "defined_tags": {},
                "display_name": "terraform-instance-prod",
                "freeform_tags": {},
                "hostname_label": "terraform-instance-prod",
                "nsg_ids": null,
                "private_ip": "10.0.0.5",
                "skip_source_dest_check": false,
                "subnet_id": "ocid1.subnet.oc1.iad.aaaaaaaawnby4ouxffhab45r3qjq2ukbffnmi3lkpi2sabwwvxirl3q7lsca"
              }
            ],
            "dedicated_vm_host_id": null,
            "defined_tags": {},
            "display_name": "terraform-instance-prod",
            "extended_metadata": null,
            "fault_domain": "FAULT-DOMAIN-1",
            "freeform_tags": {},
            "hostname_label": "terraform-instance-prod",
            "id": "ocid1.instance.oc1.iad.anuwcljtkmfkqyicwlq5wa2n2ymahc3m3blmd4nehql4x2marsaeeqweplma",
            "image": "ocid1.image.oc1.iad.aaaaaaaazvlnvaprv65ak2fqhxzpf6wda2vpbnktiroua3fzrxeizfxzphca",
            "ipxe_script": null,
            "is_pv_encryption_in_transit_enabled": null,
            "launch_mode": "PARAVIRTUALIZED",
            "launch_options": [
              {
                "boot_volume_type": "PARAVIRTUALIZED",
                "firmware": "UEFI_64",
                "is_consistent_volume_naming_enabled": true,
                "is_pv_encryption_in_transit_enabled": false,
                "network_type": "PARAVIRTUALIZED",
                "remote_data_volume_type": "PARAVIRTUALIZED"
              }
            ],
            "metadata": {
              "ssh_authorized_keys": "ssh-rsa AAAAB3NzaC1yc2EAAAABJQAAAQEAorPcZB5AG0zNMo7fg71UM8wcrh1xWiu5N6/meW0WyuMq6u1PiaKrlXHWMhPhVuoS8JjGnilJkHXeNnG6kwQ/eU+XAW+MVgnjabA2bbRVcCIW6d5DLfk+5xVqdwOudexui5GtrAuGIStP+EWxJAcE/Ss/nVUng3UqlHSR3Ew2PgX4LXRSUcI5aJrEvAi932T7dVWAD5Re9uI3bGDw78xAKPw/cWfig6BvObU7CzdUiFZIYoPpyjEtLds1Ce4Q7hTankwP6iPaz3jkMGJdzp7eph8yZx2UT6p2XQOarRBY7l6JkJsQAt4UckEMan4L//tl7ycuVPr36c3AhsTtS01WQQ== rsa-key-20200505",
              "user_data": ""
            },
            "preserve_boot_volume": false,
            "private_ip": "10.0.0.5",
            "public_ip": "",
            "region": "iad",
            "shape": "VM.Standard2.1",
            "shape_config": [
              {
                "gpu_description": "",
                "gpus": 0,
                "local_disk_description": "",
                "local_disks": 0,
                "local_disks_total_size_in_gbs": 0,
                "max_vnic_attachments": 2,
                "memory_in_gbs": 15,
                "networking_bandwidth_in_gbps": 1,
                "ocpus": 1,
                "processor_description": "2.0 GHz Intel® Xeon® Platinum 8167M (Skylake)"
              }
            ],
            "source_details": [
              {
                "boot_volume_size_in_gbs": "50",
                "kms_key_id": "",
                "source_id": "ocid1.image.oc1.iad.aaaaaaaazvlnvaprv65ak2fqhxzpf6wda2vpbnktiroua3fzrxeizfxzphca",
                "source_type": "image"
              }
            ],
            "state": "RUNNING",
            "subnet_id": "ocid1.subnet.oc1.iad.aaaaaaaawnby4ouxffhab45r3qjq2ukbffnmi3lkpi2sabwwvxirl3q7lsca",
            "system_tags": {},
            "time_created": "2020-06-08 22:19:11.528 +0000 UTC",
            "time_maintenance_reboot_due": "",
            "timeouts": {
              "create": "25m",
              "delete": null,
              "update": null
            }
          },
          "private": "eyJlMmJmYjczMC1lY2FhLTExZTYtOGY4OC0zNDM2M2JjN2M0YzAiOnsiY3JlYXRlIjoxNTAwMDAwMDAwMDAwLCJkZWxldGUiOjcyMDAwMDAwMDAwMDAsInVwZGF0ZSI6NzIwMDAwMDAwMDAwMH19"
        }
      ]
    },
    {
      "module": "module.instance_and_storage",
      "mode": "managed",
      "type": "oci_core_volume",
      "name": "this",
      "each": "list",
      "provider": "provider.oci",
      "instances": [
        {
          "index_key": 0,
          "schema_version": 0,
          "attributes": {
            "availability_domain": "MmBO:US-ASHBURN-AD-1",
            "backup_policy_id": null,
            "compartment_id": "ocid1.compartment.oc1..aaaaaaaaezxcenaj36sx2s4upu4n76ptsa3mqrkm5ppnu2fswqdpduqywz7q",
            "defined_tags": {},
            "display_name": "terraform-instance-prod_volume0",
            "freeform_tags": {},
            "id": "ocid1.volume.oc1.iad.abuwcljt3bpebstxfis4mm3ampbw6y3ekpw7mp4w4lzs4nosvbvz5q42rqma",
            "is_hydrated": true,
            "kms_key_id": null,
            "size_in_gbs": "50",
            "size_in_mbs": "51200",
            "source_details": [],
            "state": "AVAILABLE",
            "system_tags": {},
            "time_created": "2020-06-08 22:20:33.978 +0000 UTC",
            "timeouts": null,
            "volume_backup_id": null,
            "volume_group_id": null,
            "vpus_per_gb": "10"
          },
          "private": "eyJlMmJmYjczMC1lY2FhLTExZTYtOGY4OC0zNDM2M2JjN2M0YzAiOnsiY3JlYXRlIjo5MDAwMDAwMDAwMDAsImRlbGV0ZSI6OTAwMDAwMDAwMDAwLCJ1cGRhdGUiOjkwMDAwMDAwMDAwMH19",
          "dependencies": [
            "module.instance_and_storage.oci_core_instance.this"
          ]
        }
      ]
    },
    {
      "module": "module.instance_and_storage",
      "mode": "managed",
      "type": "oci_core_volume_attachment",
      "name": "this",
      "each": "list",
      "provider": "provider.oci",
      "instances": [
        {
          "index_key": 0,
          "schema_version": 0,
          "attributes": {
            "attachment_type": "iscsi",
            "availability_domain": "MmBO:US-ASHBURN-AD-1",
            "chap_secret": null,
            "chap_username": null,
            "compartment_id": "ocid1.compartment.oc1..aaaaaaaaezxcenaj36sx2s4upu4n76ptsa3mqrkm5ppnu2fswqdpduqywz7q",
            "device": null,
            "display_name": "volumeattachment20200608222048",
            "id": "ocid1.volumeattachment.oc1.iad.anuwcljtkmfkqyiclzh5dewozbcu67xv3fzv3o5wklalpwxhbefdem5nbiua",
            "instance_id": "ocid1.instance.oc1.iad.anuwcljtkmfkqyicwlq5wa2n2ymahc3m3blmd4nehql4x2marsaeeqweplma",
            "ipv4": "169.254.2.2",
            "iqn": "iqn.2015-12.com.oracleiaas:958d4ba0-79b5-459c-9572-660a59fc8e58",
            "is_pv_encryption_in_transit_enabled": false,
            "is_read_only": false,
            "is_shareable": null,
            "port": 3260,
            "state": "ATTACHED",
            "time_created": "2020-06-08 22:20:48.801 +0000 UTC",
            "timeouts": null,
            "use_chap": false,
            "volume_id": "ocid1.volume.oc1.iad.abuwcljt3bpebstxfis4mm3ampbw6y3ekpw7mp4w4lzs4nosvbvz5q42rqma"
          },
          "private": "eyJlMmJmYjczMC1lY2FhLTExZTYtOGY4OC0zNDM2M2JjN2M0YzAiOnsiY3JlYXRlIjo5MDAwMDAwMDAwMDAsImRlbGV0ZSI6OTAwMDAwMDAwMDAwLCJ1cGRhdGUiOjkwMDAwMDAwMDAwMH19",
          "dependencies": [
            "module.instance_and_storage.oci_core_instance.this",
            "module.instance_and_storage.oci_core_volume.this"
          ]
        }
      ]
    }
  ]
}
